{
  "name": "ngx-easy-table",
  "version": "8.0.0-alpha.1",
  "lockfileVersion": 1,
  "requires": true,
  "dependencies": {
    "@angular/cdk": {
      "version": "7.1.0",
      "resolved": "https://registry.npmjs.org/@angular/cdk/-/cdk-7.1.0.tgz",
      "integrity": "sha512-dY740pKcIRtKr6n6NomrgqfdEj988urTZ9I/bfJjxF5fdhnSjyhEvDlB55EHsrF+bTTZbZXRmv7AwOQ9GJnD9w==",
      "requires": {
        "parse5": "^5.0.0",
        "tslib": "^1.7.1"
      }
    },
    "ngx-pagination": {
      "version": "3.2.1",
      "resolved": "https://registry.npmjs.org/ngx-pagination/-/ngx-pagination-3.2.1.tgz",
      "integrity": "sha512-+dprQkYoiNYDZkNAe/1HX0wDFbwCTE31mC2bEQVdI7ZbjEIvGB7R3zp5QoCKgz6cPFatUj4Iw6Ukqp5zx0oT/Q=="
    },
    "parse5": {
      "version": "5.1.0",
      "resolved": "https://registry.npmjs.org/parse5/-/parse5-5.1.0.tgz",
      "integrity": "sha512-fxNG2sQjHvlVAYmzBZS9YlDp6PTSSDwa98vkD4QgVDDCAo84z5X1t5XyJQ62ImdLXx5NdIIfihey6xpum9/gRQ==",
      "optional": true
    },
    "tslib": {
      "version": "1.9.3",
      "resolved": "https://registry.npmjs.org/tslib/-/tslib-1.9.3.tgz",
      "integrity": "sha512-4krF8scpejhaOgqzBEcGM7yDIEfi0/8+8zDRZhNZZ2kjmHJ4hv3zCbQWxoJGz1iw5U0Jl0nma13xzHXcncMavQ=="
    }
  }
}
